// !$*UTF8*$!
{
	archiveVersion = 1;
	classes = {
	};
	objectVersion = 52;
	objects = {

/* Begin PBXBuildFile section */
		616AEBC223137216004C19EB /* ToastOrderView.swift in Sources */ = {isa = PBXBuildFile; fileRef = 616AEBC123137216004C19EB /* ToastOrderView.swift */; };
		616AEBC52313ABE2004C19EB /* Alamofire in Frameworks */ = {isa = PBXBuildFile; productRef = 616AEBC42313ABE2004C19EB /* Alamofire */; };
		616AEBC82313AD32004C19EB /* Model.swift in Sources */ = {isa = PBXBuildFile; fileRef = 616AEBC72313AD32004C19EB /* Model.swift */; };
		616AEBCA2313AD90004C19EB /* ViewModel.swift in Sources */ = {isa = PBXBuildFile; fileRef = 616AEBC92313AD90004C19EB /* ViewModel.swift */; };
		616AEBCE2313CB37004C19EB /* ListView.swift in Sources */ = {isa = PBXBuildFile; fileRef = 616AEBCD2313CB37004C19EB /* ListView.swift */; };
		616AEBD12313CD31004C19EB /* SwiftUIX in Frameworks */ = {isa = PBXBuildFile; productRef = 616AEBD02313CD31004C19EB /* SwiftUIX */; };
		616AEBD32313D275004C19EB /* ListCell.swift in Sources */ = {isa = PBXBuildFile; fileRef = 616AEBD22313D275004C19EB /* ListCell.swift */; };
		616AEBDF2314D52D004C19EB /* Kingfisher in Frameworks */ = {isa = PBXBuildFile; productRef = 616AEBDE2314D52D004C19EB /* Kingfisher */; };
		616AEBE12314D52D004C19EB /* KingfisherSwiftUI in Frameworks */ = {isa = PBXBuildFile; productRef = 616AEBE02314D52D004C19EB /* KingfisherSwiftUI */; };
		616AEBE32314D9E6004C19EB /* ListDetaiView.swift in Sources */ = {isa = PBXBuildFile; fileRef = 616AEBE22314D9E6004C19EB /* ListDetaiView.swift */; };
		61F7DF0F23179DFF003E5723 /* QGrid in Frameworks */ = {isa = PBXBuildFile; productRef = 61F7DF0E23179DFF003E5723 /* QGrid */; };
		61F7DF1223179FB2003E5723 /* SwiftWebUI in Frameworks */ = {isa = PBXBuildFile; productRef = 61F7DF1123179FB2003E5723 /* SwiftWebUI */; };
		61FAA7F5230FE5F000E07760 /* AppDelegate.swift in Sources */ = {isa = PBXBuildFile; fileRef = 61FAA7F4230FE5F000E07760 /* AppDelegate.swift */; };
		61FAA7F7230FE5F000E07760 /* SceneDelegate.swift in Sources */ = {isa = PBXBuildFile; fileRef = 61FAA7F6230FE5F000E07760 /* SceneDelegate.swift */; };
		61FAA7F9230FE5F000E07760 /* ContentView.swift in Sources */ = {isa = PBXBuildFile; fileRef = 61FAA7F8230FE5F000E07760 /* ContentView.swift */; };
		61FAA7FB230FE5FA00E07760 /* Assets.xcassets in Resources */ = {isa = PBXBuildFile; fileRef = 61FAA7FA230FE5FA00E07760 /* Assets.xcassets */; };
		61FAA7FE230FE5FA00E07760 /* Preview Assets.xcassets in Resources */ = {isa = PBXBuildFile; fileRef = 61FAA7FD230FE5FA00E07760 /* Preview Assets.xcassets */; };
		61FAA801230FE5FA00E07760 /* LaunchScreen.storyboard in Resources */ = {isa = PBXBuildFile; fileRef = 61FAA7FF230FE5FA00E07760 /* LaunchScreen.storyboard */; };
		61FAA809230FE89E00E07760 /* MapView.swift in Sources */ = {isa = PBXBuildFile; fileRef = 61FAA808230FE89E00E07760 /* MapView.swift */; };
		61FAA80B230FE8F800E07760 /* CircleImage.swift in Sources */ = {isa = PBXBuildFile; fileRef = 61FAA80A230FE8F800E07760 /* CircleImage.swift */; };
/* End PBXBuildFile section */

/* Begin PBXFileReference section */
		616AEBC123137216004C19EB /* ToastOrderView.swift */ = {isa = PBXFileReference; lastKnownFileType = sourcecode.swift; path = ToastOrderView.swift; sourceTree = "<group>"; };
		616AEBC72313AD32004C19EB /* Model.swift */ = {isa = PBXFileReference; lastKnownFileType = sourcecode.swift; path = Model.swift; sourceTree = "<group>"; };
		616AEBC92313AD90004C19EB /* ViewModel.swift */ = {isa = PBXFileReference; lastKnownFileType = sourcecode.swift; path = ViewModel.swift; sourceTree = "<group>"; };
		616AEBCD2313CB37004C19EB /* ListView.swift */ = {isa = PBXFileReference; lastKnownFileType = sourcecode.swift; path = ListView.swift; sourceTree = "<group>"; };
		616AEBD22313D275004C19EB /* ListCell.swift */ = {isa = PBXFileReference; lastKnownFileType = sourcecode.swift; path = ListCell.swift; sourceTree = "<group>"; };
		616AEBE22314D9E6004C19EB /* ListDetaiView.swift */ = {isa = PBXFileReference; lastKnownFileType = sourcecode.swift; path = ListDetaiView.swift; sourceTree = "<group>"; };
		61FAA7F1230FE5F000E07760 /* SwiftUIBasic.app */ = {isa = PBXFileReference; explicitFileType = wrapper.application; includeInIndex = 0; path = SwiftUIBasic.app; sourceTree = BUILT_PRODUCTS_DIR; };
		61FAA7F4230FE5F000E07760 /* AppDelegate.swift */ = {isa = PBXFileReference; lastKnownFileType = sourcecode.swift; path = AppDelegate.swift; sourceTree = "<group>"; };
		61FAA7F6230FE5F000E07760 /* SceneDelegate.swift */ = {isa = PBXFileReference; lastKnownFileType = sourcecode.swift; path = SceneDelegate.swift; sourceTree = "<group>"; };
		61FAA7F8230FE5F000E07760 /* ContentView.swift */ = {isa = PBXFileReference; lastKnownFileType = sourcecode.swift; path = ContentView.swift; sourceTree = "<group>"; };
		61FAA7FA230FE5FA00E07760 /* Assets.xcassets */ = {isa = PBXFileReference; lastKnownFileType = folder.assetcatalog; path = Assets.xcassets; sourceTree = "<group>"; };
		61FAA7FD230FE5FA00E07760 /* Preview Assets.xcassets */ = {isa = PBXFileReference; lastKnownFileType = folder.assetcatalog; path = "Preview Assets.xcassets"; sourceTree = "<group>"; };
		61FAA800230FE5FA00E07760 /* Base */ = {isa = PBXFileReference; lastKnownFileType = file.storyboard; name = Base; path = Base.lproj/LaunchScreen.storyboard; sourceTree = "<group>"; };
		61FAA802230FE5FA00E07760 /* Info.plist */ = {isa = PBXFileReference; lastKnownFileType = text.plist.xml; path = Info.plist; sourceTree = "<group>"; };
		61FAA808230FE89E00E07760 /* MapView.swift */ = {isa = PBXFileReference; lastKnownFileType = sourcecode.swift; path = MapView.swift; sourceTree = "<group>"; };
		61FAA80A230FE8F800E07760 /* CircleImage.swift */ = {isa = PBXFileReference; lastKnownFileType = sourcecode.swift; path = CircleImage.swift; sourceTree = "<group>"; };
/* End PBXFileReference section */

/* Begin PBXFrameworksBuildPhase section */
		61FAA7EE230FE5F000E07760 /* Frameworks */ = {
			isa = PBXFrameworksBuildPhase;
			buildActionMask = 2147483647;
			files = (
				61F7DF0F23179DFF003E5723 /* QGrid in Frameworks */,
				616AEBDF2314D52D004C19EB /* Kingfisher in Frameworks */,
				616AEBC52313ABE2004C19EB /* Alamofire in Frameworks */,
				61F7DF1223179FB2003E5723 /* SwiftWebUI in Frameworks */,
				616AEBE12314D52D004C19EB /* KingfisherSwiftUI in Frameworks */,
				616AEBD12313CD31004C19EB /* SwiftUIX in Frameworks */,
			);
			runOnlyForDeploymentPostprocessing = 0;
		};
/* End PBXFrameworksBuildPhase section */

/* Begin PBXGroup section */
		616AEBC62313AD13004C19EB /* Network */ = {
			isa = PBXGroup;
			children = (
				616AEBC72313AD32004C19EB /* Model.swift */,
				616AEBC92313AD90004C19EB /* ViewModel.swift */,
				616AEBCD2313CB37004C19EB /* ListView.swift */,
				616AEBD22313D275004C19EB /* ListCell.swift */,
				616AEBE22314D9E6004C19EB /* ListDetaiView.swift */,
			);
			path = Network;
			sourceTree = "<group>";
		};
		61FAA7E8230FE5F000E07760 = {
			isa = PBXGroup;
			children = (
				61FAA7F3230FE5F000E07760 /* SwiftUIBasic */,
				61FAA7F2230FE5F000E07760 /* Products */,
			);
			sourceTree = "<group>";
		};
		61FAA7F2230FE5F000E07760 /* Products */ = {
			isa = PBXGroup;
			children = (
				61FAA7F1230FE5F000E07760 /* SwiftUIBasic.app */,
			);
			name = Products;
			sourceTree = "<group>";
		};
		61FAA7F3230FE5F000E07760 /* SwiftUIBasic */ = {
			isa = PBXGroup;
			children = (
				616AEBC62313AD13004C19EB /* Network */,
				61FAA7F4230FE5F000E07760 /* AppDelegate.swift */,
				61FAA7F6230FE5F000E07760 /* SceneDelegate.swift */,
				61FAA7F8230FE5F000E07760 /* ContentView.swift */,
				616AEBC123137216004C19EB /* ToastOrderView.swift */,
				61FAA808230FE89E00E07760 /* MapView.swift */,
				61FAA80A230FE8F800E07760 /* CircleImage.swift */,
				61FAA7FA230FE5FA00E07760 /* Assets.xcassets */,
				61FAA7FF230FE5FA00E07760 /* LaunchScreen.storyboard */,
				61FAA802230FE5FA00E07760 /* Info.plist */,
				61FAA7FC230FE5FA00E07760 /* Preview Content */,
			);
			path = SwiftUIBasic;
			sourceTree = "<group>";
		};
		61FAA7FC230FE5FA00E07760 /* Preview Content */ = {
			isa = PBXGroup;
			children = (
				61FAA7FD230FE5FA00E07760 /* Preview Assets.xcassets */,
			);
			path = "Preview Content";
			sourceTree = "<group>";
		};
/* End PBXGroup section */

/* Begin PBXNativeTarget section */
		61FAA7F0230FE5F000E07760 /* SwiftUIBasic */ = {
			isa = PBXNativeTarget;
			buildConfigurationList = 61FAA805230FE5FA00E07760 /* Build configuration list for PBXNativeTarget "SwiftUIBasic" */;
			buildPhases = (
				61FAA7ED230FE5F000E07760 /* Sources */,
				61FAA7EE230FE5F000E07760 /* Frameworks */,
				61FAA7EF230FE5F000E07760 /* Resources */,
			);
			buildRules = (
			);
			dependencies = (
			);
			name = SwiftUIBasic;
			packageProductDependencies = (
				616AEBC42313ABE2004C19EB /* Alamofire */,
				616AEBD02313CD31004C19EB /* SwiftUIX */,
				616AEBDE2314D52D004C19EB /* Kingfisher */,
				616AEBE02314D52D004C19EB /* KingfisherSwiftUI */,
				61F7DF0E23179DFF003E5723 /* QGrid */,
				61F7DF1123179FB2003E5723 /* SwiftWebUI */,
			);
			productName = SwiftUIBasic;
			productReference = 61FAA7F1230FE5F000E07760 /* SwiftUIBasic.app */;
			productType = "com.apple.product-type.application";
		};
/* End PBXNativeTarget section */

/* Begin PBXProject section */
		61FAA7E9230FE5F000E07760 /* Project object */ = {
			isa = PBXProject;
			attributes = {
				LastSwiftUpdateCheck = 1100;
				LastUpgradeCheck = 1100;
				ORGANIZATIONNAME = season;
				TargetAttributes = {
					61FAA7F0230FE5F000E07760 = {
						CreatedOnToolsVersion = 11.0;
					};
				};
			};
			buildConfigurationList = 61FAA7EC230FE5F000E07760 /* Build configuration list for PBXProject "SwiftUIBasic" */;
			compatibilityVersion = "Xcode 9.3";
			developmentRegion = en;
			hasScannedForEncodings = 0;
			knownRegions = (
				en,
				Base,
			);
			mainGroup = 61FAA7E8230FE5F000E07760;
			packageReferences = (
				616AEBC32313ABE2004C19EB /* XCRemoteSwiftPackageReference "Alamofire" */,
				616AEBCF2313CD31004C19EB /* XCRemoteSwiftPackageReference "SwiftUIX" */,
				616AEBDD2314D52D004C19EB /* XCRemoteSwiftPackageReference "Kingfisher" */,
				61F7DF0D23179DFE003E5723 /* XCRemoteSwiftPackageReference "QGrid" */,
				61F7DF1023179FB2003E5723 /* XCRemoteSwiftPackageReference "SwiftWebUI" */,
			);
			productRefGroup = 61FAA7F2230FE5F000E07760 /* Products */;
			projectDirPath = "";
			projectRoot = "";
			targets = (
				61FAA7F0230FE5F000E07760 /* SwiftUIBasic */,
			);
		};
/* End PBXProject section */

/* Begin PBXResourcesBuildPhase section */
		61FAA7EF230FE5F000E07760 /* Resources */ = {
			isa = PBXResourcesBuildPhase;
			buildActionMask = 2147483647;
			files = (
				61FAA801230FE5FA00E07760 /* LaunchScreen.storyboard in Resources */,
				61FAA7FE230FE5FA00E07760 /* Preview Assets.xcassets in Resources */,
				61FAA7FB230FE5FA00E07760 /* Assets.xcassets in Resources */,
			);
			runOnlyForDeploymentPostprocessing = 0;
		};
/* End PBXResourcesBuildPhase section */

/* Begin PBXSourcesBuildPhase section */
		61FAA7ED230FE5F000E07760 /* Sources */ = {
			isa = PBXSourcesBuildPhase;
			buildActionMask = 2147483647;
			files = (
				616AEBE32314D9E6004C19EB /* ListDetaiView.swift in Sources */,
				616AEBC82313AD32004C19EB /* Model.swift in Sources */,
				61FAA7F5230FE5F000E07760 /* AppDelegate.swift in Sources */,
				61FAA809230FE89E00E07760 /* MapView.swift in Sources */,
				616AEBD32313D275004C19EB /* ListCell.swift in Sources */,
				61FAA7F7230FE5F000E07760 /* SceneDelegate.swift in Sources */,
				616AEBC223137216004C19EB /* ToastOrderView.swift in Sources */,
				61FAA80B230FE8F800E07760 /* CircleImage.swift in Sources */,
				616AEBCA2313AD90004C19EB /* ViewModel.swift in Sources */,
				61FAA7F9230FE5F000E07760 /* ContentView.swift in Sources */,
				616AEBCE2313CB37004C19EB /* ListView.swift in Sources */,
			);
			runOnlyForDeploymentPostprocessing = 0;
		};
/* End PBXSourcesBuildPhase section */

/* Begin PBXVariantGroup section */
		61FAA7FF230FE5FA00E07760 /* LaunchScreen.storyboard */ = {
			isa = PBXVariantGroup;
			children = (
				61FAA800230FE5FA00E07760 /* Base */,
			);
			name = LaunchScreen.storyboard;
			sourceTree = "<group>";
		};
/* End PBXVariantGroup section */

/* Begin XCBuildConfiguration section */
		61FAA803230FE5FA00E07760 /* Debug */ = {
			isa = XCBuildConfiguration;
			buildSettings = {
				ALWAYS_SEARCH_USER_PATHS = NO;
				CLANG_ANALYZER_NONNULL = YES;
				CLANG_ANALYZER_NUMBER_OBJECT_CONVERSION = YES_AGGRESSIVE;
				CLANG_CXX_LANGUAGE_STANDARD = "gnu++14";
				CLANG_CXX_LIBRARY = "libc++";
				CLANG_ENABLE_MODULES = YES;
				CLANG_ENABLE_OBJC_ARC = YES;
				CLANG_ENABLE_OBJC_WEAK = YES;
				CLANG_WARN_BLOCK_CAPTURE_AUTORELEASING = YES;
				CLANG_WARN_BOOL_CONVERSION = YES;
				CLANG_WARN_COMMA = YES;
				CLANG_WARN_CONSTANT_CONVERSION = YES;
				CLANG_WARN_DEPRECATED_OBJC_IMPLEMENTATIONS = YES;
				CLANG_WARN_DIRECT_OBJC_ISA_USAGE = YES_ERROR;
				CLANG_WARN_DOCUMENTATION_COMMENTS = YES;
				CLANG_WARN_EMPTY_BODY = YES;
				CLANG_WARN_ENUM_CONVERSION = YES;
				CLANG_WARN_INFINITE_RECURSION = YES;
				CLANG_WARN_INT_CONVERSION = YES;
				CLANG_WARN_NON_LITERAL_NULL_CONVERSION = YES;
				CLANG_WARN_OBJC_IMPLICIT_RETAIN_SELF = YES;
				CLANG_WARN_OBJC_LITERAL_CONVERSION = YES;
				CLANG_WARN_OBJC_ROOT_CLASS = YES_ERROR;
				CLANG_WARN_RANGE_LOOP_ANALYSIS = YES;
				CLANG_WARN_STRICT_PROTOTYPES = YES;
				CLANG_WARN_SUSPICIOUS_MOVE = YES;
				CLANG_WARN_UNGUARDED_AVAILABILITY = YES_AGGRESSIVE;
				CLANG_WARN_UNREACHABLE_CODE = YES;
				CLANG_WARN__DUPLICATE_METHOD_MATCH = YES;
				COPY_PHASE_STRIP = NO;
				DEBUG_INFORMATION_FORMAT = dwarf;
				ENABLE_STRICT_OBJC_MSGSEND = YES;
				ENABLE_TESTABILITY = YES;
				GCC_C_LANGUAGE_STANDARD = gnu11;
				GCC_DYNAMIC_NO_PIC = NO;
				GCC_NO_COMMON_BLOCKS = YES;
				GCC_OPTIMIZATION_LEVEL = 0;
				GCC_PREPROCESSOR_DEFINITIONS = (
					"DEBUG=1",
					"$(inherited)",
				);
				GCC_WARN_64_TO_32_BIT_CONVERSION = YES;
				GCC_WARN_ABOUT_RETURN_TYPE = YES_ERROR;
				GCC_WARN_UNDECLARED_SELECTOR = YES;
				GCC_WARN_UNINITIALIZED_AUTOS = YES_AGGRESSIVE;
				GCC_WARN_UNUSED_FUNCTION = YES;
				GCC_WARN_UNUSED_VARIABLE = YES;
				IPHONEOS_DEPLOYMENT_TARGET = 13.0;
				MTL_ENABLE_DEBUG_INFO = INCLUDE_SOURCE;
				MTL_FAST_MATH = YES;
				ONLY_ACTIVE_ARCH = YES;
				SDKROOT = iphoneos;
				SWIFT_ACTIVE_COMPILATION_CONDITIONS = DEBUG;
				SWIFT_OPTIMIZATION_LEVEL = "-Onone";
			};
			name = Debug;
		};
		61FAA804230FE5FA00E07760 /* Release */ = {
			isa = XCBuildConfiguration;
			buildSettings = {
				ALWAYS_SEARCH_USER_PATHS = NO;
				CLANG_ANALYZER_NONNULL = YES;
				CLANG_ANALYZER_NUMBER_OBJECT_CONVERSION = YES_AGGRESSIVE;
				CLANG_CXX_LANGUAGE_STANDARD = "gnu++14";
				CLANG_CXX_LIBRARY = "libc++";
				CLANG_ENABLE_MODULES = YES;
				CLANG_ENABLE_OBJC_ARC = YES;
				CLANG_ENABLE_OBJC_WEAK = YES;
				CLANG_WARN_BLOCK_CAPTURE_AUTORELEASING = YES;
				CLANG_WARN_BOOL_CONVERSION = YES;
				CLANG_WARN_COMMA = YES;
				CLANG_WARN_CONSTANT_CONVERSION = YES;
				CLANG_WARN_DEPRECATED_OBJC_IMPLEMENTATIONS = YES;
				CLANG_WARN_DIRECT_OBJC_ISA_USAGE = YES_ERROR;
				CLANG_WARN_DOCUMENTATION_COMMENTS = YES;
				CLANG_WARN_EMPTY_BODY = YES;
				CLANG_WARN_ENUM_CONVERSION = YES;
				CLANG_WARN_INFINITE_RECURSION = YES;
				CLANG_WARN_INT_CONVERSION = YES;
				CLANG_WARN_NON_LITERAL_NULL_CONVERSION = YES;
				CLANG_WARN_OBJC_IMPLICIT_RETAIN_SELF = YES;
				CLANG_WARN_OBJC_LITERAL_CONVERSION = YES;
				CLANG_WARN_OBJC_ROOT_CLASS = YES_ERROR;
				CLANG_WARN_RANGE_LOOP_ANALYSIS = YES;
				CLANG_WARN_STRICT_PROTOTYPES = YES;
				CLANG_WARN_SUSPICIOUS_MOVE = YES;
				CLANG_WARN_UNGUARDED_AVAILABILITY = YES_AGGRESSIVE;
				CLANG_WARN_UNREACHABLE_CODE = YES;
				CLANG_WARN__DUPLICATE_METHOD_MATCH = YES;
				COPY_PHASE_STRIP = NO;
				DEBUG_INFORMATION_FORMAT = "dwarf-with-dsym";
				ENABLE_NS_ASSERTIONS = NO;
				ENABLE_STRICT_OBJC_MSGSEND = YES;
				GCC_C_LANGUAGE_STANDARD = gnu11;
				GCC_NO_COMMON_BLOCKS = YES;
				GCC_WARN_64_TO_32_BIT_CONVERSION = YES;
				GCC_WARN_ABOUT_RETURN_TYPE = YES_ERROR;
				GCC_WARN_UNDECLARED_SELECTOR = YES;
				GCC_WARN_UNINITIALIZED_AUTOS = YES_AGGRESSIVE;
				GCC_WARN_UNUSED_FUNCTION = YES;
				GCC_WARN_UNUSED_VARIABLE = YES;
				IPHONEOS_DEPLOYMENT_TARGET = 13.0;
				MTL_ENABLE_DEBUG_INFO = NO;
				MTL_FAST_MATH = YES;
				SDKROOT = iphoneos;
				SWIFT_COMPILATION_MODE = wholemodule;
				SWIFT_OPTIMIZATION_LEVEL = "-O";
				VALIDATE_PRODUCT = YES;
			};
			name = Release;
		};
		61FAA806230FE5FA00E07760 /* Debug */ = {
			isa = XCBuildConfiguration;
			buildSettings = {
				ASSETCATALOG_COMPILER_APPICON_NAME = AppIcon;
				CODE_SIGN_STYLE = Automatic;
				DEVELOPMENT_ASSET_PATHS = "\"SwiftUIBasic/Preview Content\"";
				DEVELOPMENT_TEAM = B6Q5RKSB5N;
				ENABLE_PREVIEWS = YES;
				INFOPLIST_FILE = SwiftUIBasic/Info.plist;
				LD_RUNPATH_SEARCH_PATHS = (
					"$(inherited)",
					"@executable_path/Frameworks",
				);
				PRODUCT_BUNDLE_IDENTIFIER = com.lostsakura.www.SwiftUIBasic;
				PRODUCT_NAME = "$(TARGET_NAME)";
				SWIFT_VERSION = 5.0;
				TARGETED_DEVICE_FAMILY = "1,2";
			};
			name = Debug;
		};
		61FAA807230FE5FA00E07760 /* Release */ = {
			isa = XCBuildConfiguration;
			buildSettings = {
				ASSETCATALOG_COMPILER_APPICON_NAME = AppIcon;
				CODE_SIGN_STYLE = Automatic;
				DEVELOPMENT_ASSET_PATHS = "\"SwiftUIBasic/Preview Content\"";
				DEVELOPMENT_TEAM = B6Q5RKSB5N;
				ENABLE_PREVIEWS = YES;
				INFOPLIST_FILE = SwiftUIBasic/Info.plist;
				LD_RUNPATH_SEARCH_PATHS = (
					"$(inherited)",
					"@executable_path/Frameworks",
				);
				PRODUCT_BUNDLE_IDENTIFIER = com.lostsakura.www.SwiftUIBasic;
				PRODUCT_NAME = "$(TARGET_NAME)";
				SWIFT_VERSION = 5.0;
				TARGETED_DEVICE_FAMILY = "1,2";
			};
			name = Release;
		};
/* End XCBuildConfiguration section */

/* Begin XCConfigurationList section */
		61FAA7EC230FE5F000E07760 /* Build configuration list for PBXProject "SwiftUIBasic" */ = {
			isa = XCConfigurationList;
			buildConfigurations = (
				61FAA803230FE5FA00E07760 /* Debug */,
				61FAA804230FE5FA00E07760 /* Release */,
			);
			defaultConfigurationIsVisible = 0;
			defaultConfigurationName = Release;
		};
		61FAA805230FE5FA00E07760 /* Build configuration list for PBXNativeTarget "SwiftUIBasic" */ = {
			isa = XCConfigurationList;
			buildConfigurations = (
				61FAA806230FE5FA00E07760 /* Debug */,
				61FAA807230FE5FA00E07760 /* Release */,
			);
			defaultConfigurationIsVisible = 0;
			defaultConfigurationName = Release;
		};
/* End XCConfigurationList section */

/* Begin XCRemoteSwiftPackageReference section */
		616AEBC32313ABE2004C19EB /* XCRemoteSwiftPackageReference "Alamofire" */ = {
			isa = XCRemoteSwiftPackageReference;
			repositoryURL = "https://github.com/Alamofire/Alamofire";
			requirement = {
				branch = master;
				kind = branch;
			};
		};
		616AEBCF2313CD31004C19EB /* XCRemoteSwiftPackageReference "SwiftUIX" */ = {
			isa = XCRemoteSwiftPackageReference;
			repositoryURL = "https://github.com/SwiftUIX/SwiftUIX";
			requirement = {
				branch = master;
				kind = branch;
			};
		};
		616AEBDD2314D52D004C19EB /* XCRemoteSwiftPackageReference "Kingfisher" */ = {
			isa = XCRemoteSwiftPackageReference;
			repositoryURL = "https://github.com/onevcat/Kingfisher";
			requirement = {
				kind = revision;
				revision = 58d878f85ad223a469ce1474e1c73e29a4012577;
			};
		};
		61F7DF0D23179DFE003E5723 /* XCRemoteSwiftPackageReference "QGrid" */ = {
			isa = XCRemoteSwiftPackageReference;
			repositoryURL = "https://github.com/Q-Mobile/QGrid";
			requirement = {
				branch = master;
				kind = branch;
			};
		};
		61F7DF1023179FB2003E5723 /* XCRemoteSwiftPackageReference "SwiftWebUI" */ = {
			isa = XCRemoteSwiftPackageReference;
			repositoryURL = "https://github.com/SwiftWebUI/SwiftWebUI";
			requirement = {
				branch = master;
				kind = branch;
			};
		};
/* End XCRemoteSwiftPackageReference section */

/* Begin XCSwiftPackageProductDependency section */
		616AEBC42313ABE2004C19EB /* Alamofire */ = {
			isa = XCSwiftPackageProductDependency;
			package = 616AEBC32313ABE2004C19EB /* XCRemoteSwiftPackageReference "Alamofire" */;
			productName = Alamofire;
		};
		616AEBD02313CD31004C19EB /* SwiftUIX */ = {
			isa = XCSwiftPackageProductDependency;
			package = 616AEBCF2313CD31004C19EB /* XCRemoteSwiftPackageReference "SwiftUIX" */;
			productName = SwiftUIX;
		};
		616AEBDE2314D52D004C19EB /* Kingfisher */ = {
			isa = XCSwiftPackageProductDependency;
			package = 616AEBDD2314D52D004C19EB /* XCRemoteSwiftPackageReference "Kingfisher" */;
			productName = Kingfisher;
		};
		616AEBE02314D52D004C19EB /* KingfisherSwiftUI */ = {
			isa = XCSwiftPackageProductDependency;
			package = 616AEBDD2314D52D004C19EB /* XCRemoteSwiftPackageReference "Kingfisher" */;
			productName = KingfisherSwiftUI;
		};
		61F7DF0E23179DFF003E5723 /* QGrid */ = {
			isa = XCSwiftPackageProductDependency;
			package = 61F7DF0D23179DFE003E5723 /* XCRemoteSwiftPackageReference "QGrid" */;
			productName = QGrid;
		};
		61F7DF1123179FB2003E5723 /* SwiftWebUI */ = {
			isa = XCSwiftPackageProductDependency;
			package = 61F7DF1023179FB2003E5723 /* XCRemoteSwiftPackageReference "SwiftWebUI" */;
			productName = SwiftWebUI;
		};
/* End XCSwiftPackageProductDependency section */
	};
	rootObject = 61FAA7E9230FE5F000E07760 /* Project object */;
}
