{
  "object": {
    "pins": [
      {
        "package": "Alamofire",
        "repositoryURL": "https://github.com/Alamofire/Alamofire",
        "state": {
          "branch": "master",
          "revision": "052c2c23579d9c5550afb9617bdc2487e05215ae",
          "version": null
        }
      },
      {
        "package": "CRuntime",
        "repositoryURL": "https://github.com/wickwirew/CRuntime.git",
        "state": {
          "branch": null,
          "revision": "95f911318d8c885f6fc05e971471f94adfd39405",
          "version": "2.1.2"
        }
      },
      {
        "package": "Kingfisher",
        "repositoryURL": "https://github.com/onevcat/Kingfisher",
        "state": {
          "branch": "master",
          "revision": "7784d52486d55d3c783583222e364010742f46d3",
          "version": null
        }
      },
      {
        "package": "QGrid",
        "repositoryURL": "https://github.com/Q-Mobile/QGrid",
        "state": {
          "branch": "master",
          "revision": "8547bbfedaeb466f392e2c42e0f2c72c76ee4523",
          "version": null
        }
      },
      {
        "package": "Runtime",
        "repositoryURL": "https://github.com/wickwirew/Runtime.git",
        "state": {
          "branch": null,
          "revision": "61c9776f47d2951bdc562486ad348e5e1ca2e180",
          "version": "2.1.1"
        }
      },
      {
        "package": "SeasonSwiftExtension",
        "repositoryURL": "https://github.com/seasonZhu/SeasonSwiftExtension.git",
        "state": {
          "branch": null,
          "revision": "e78344e5cf5d9b7785765ef9fd2990d7a4e88d91",
          "version": "0.0.6"
        }
      },
      {
        "package": "SeasonSwiftTool",
        "repositoryURL": "https://github.com/seasonZhu/SeasonSwiftTool",
        "state": {
          "branch": "master",
          "revision": "e8a35051358b801f4b2e96cfa0f0e1201f12aa2f",
          "version": null
        }
      },
      {
        "package": "SemanticUI",
        "repositoryURL": "https://github.com/SwiftWebResources/SemanticUI-Swift.git",
        "state": {
          "branch": null,
          "revision": "eaa40d8f7c01e1aad896fb8747edd3a1b71dc41a",
          "version": "2.3.4"
        }
      },
      {
        "package": "swift-nio",
        "repositoryURL": "https://github.com/apple/swift-nio.git",
        "state": {
          "branch": null,
          "revision": "ff01888051cd7efceb1bf8319c1dd3986c4bf6fc",
          "version": "2.10.1"
        }
      },
      {
        "package": "SwiftUIFlux",
        "repositoryURL": "https://github.com/Dimillian/SwiftUIFlux.git",
        "state": {
          "branch": null,
          "revision": "aa97f7f053941ecf288824a92294bf39ab118dd1",
          "version": "0.4.5"
        }
      },
      {
        "package": "SwiftUIX",
        "repositoryURL": "https://github.com/SwiftUIX/SwiftUIX",
        "state": {
          "branch": "master",
          "revision": "69958ad8c44876bcc763752e2e7971b354aadd42",
          "version": null
        }
      },
      {
        "package": "SwiftWebUI",
        "repositoryURL": "https://github.com/SwiftWebUI/SwiftWebUI",
        "state": {
          "branch": "master",
          "revision": "db6d0a4f597fa18b7410e6092b5acc6d24e33004",
          "version": null
        }
      }
    ]
  },
  "version": 1
}
