{
  "object": {
    "pins": [
      {
        "package": "Alamofire",
        "repositoryURL": "https://github.com/Alamofire/Alamofire",
        "state": {
          "branch": "master",
          "revision": "052c2c23579d9c5550afb9617bdc2487e05215ae",
          "version": null
        }
      },
      {
        "package": "Kingfisher",
        "repositoryURL": "https://github.com/onevcat/Kingfisher",
        "state": {
          "branch": "master",
          "revision": "7784d52486d55d3c783583222e364010742f46d3",
          "version": null
        }
      },
      {
        "package": "QGrid",
        "repositoryURL": "https://github.com/Q-Mobile/QGrid",
        "state": {
          "branch": "master",
          "revision": "8547bbfedaeb466f392e2c42e0f2c72c76ee4523",
          "version": null
        }
      },
      {
        "package": "SeasonSwiftExtension",
        "repositoryURL": "https://github.com/seasonZhu/SeasonSwiftExtension.git",
        "state": {
          "branch": null,
          "revision": "e78344e5cf5d9b7785765ef9fd2990d7a4e88d91",
          "version": "0.0.6"
        }
      },
      {
        "package": "SeasonSwiftTool",
        "repositoryURL": "https://github.com/seasonZhu/SeasonSwiftTool",
        "state": {
          "branch": "master",
          "revision": "e8a35051358b801f4b2e96cfa0f0e1201f12aa2f",
          "version": null
        }
      },
      {
        "package": "SwiftUIFlux",
        "repositoryURL": "https://github.com/Dimillian/SwiftUIFlux.git",
        "state": {
          "branch": null,
          "revision": "aa97f7f053941ecf288824a92294bf39ab118dd1",
          "version": "0.4.5"
        }
      }
    ]
  },
  "version": 1
}
